
Microsoft Visual Studio Solution File, Format Version 12.00
# Visual Studio Version 17
VisualStudioVersion = 17.11.35312.102
MinimumVisualStudioVersion = 10.0.40219.1
Project("{FAE04EC0-301F-11D3-BF4B-00C04F79EFBC}") = "Yunjie_Cassaforte", "Yunjie_Cassaforte\Yunjie_Cassaforte.csproj", "{AE978947-BDBA-4134-9ED3-88102A9E1975}"
EndProject
Global
	GlobalSection(SolutionConfigurationPlatforms) = preSolution
		Debug|Any CPU = Debug|Any CPU
		Release|Any CPU = Release|Any CPU
	EndGlobalSection
	GlobalSection(ProjectConfigurationPlatforms) = postSolution
		{AE978947-BDBA-4134-9ED3-88102A9E1975}.Debug|Any CPU.ActiveCfg = Debug|Any CPU
		{AE978947-BDBA-4134-9ED3-88102A9E1975}.Debug|Any CPU.Build.0 = Debug|Any CPU
		{AE978947-BDBA-4134-9ED3-88102A9E1975}.Release|Any CPU.ActiveCfg = Release|Any CPU
		{AE978947-BDBA-4134-9ED3-88102A9E1975}.Release|Any CPU.Build.0 = Release|Any CPU
	EndGlobalSection
	GlobalSection(SolutionProperties) = preSolution
		HideSolutionNode = FALSE
	EndGlobalSection
	GlobalSection(ExtensibilityGlobals) = postSolution
		SolutionGuid = {DD514360-B279-401C-AF02-D91DD64612B5}
	EndGlobalSection
EndGlobal
